
Microsoft Visual Studio Solution File, Format Version 12.00
# Visual Studio Version 17
VisualStudioVersion = 17.11.35327.3
MinimumVisualStudioVersion = 10.0.40219.1
Project("{FAE04EC0-301F-11D3-BF4B-00C04F79EFBC}") = "uploadBase.Web", "uploadBase.Web\uploadBase.Web.csproj", "{DDE34246-1602-4FA7-8D71-681FD7E77A45}"
EndProject
Project("{FAE04EC0-301F-11D3-BF4B-00C04F79EFBC}") = "uploadBase.Shared", "uploadBase.Shared\uploadBase.Shared.csproj", "{E7650312-20F9-4BBB-B432-1DBDC66C3EF9}"
EndProject
Project("{FAE04EC0-301F-11D3-BF4B-00C04F79EFBC}") = "OpenXmlPowerTools", "OpenXmlPowerTools\OpenXmlPowerTools.csproj", "{25B6E2C7-2D51-735F-3551-2942DE7C7A37}"
EndProject
Global
	GlobalSection(SolutionConfigurationPlatforms) = preSolution
		Debug|Any CPU = Debug|Any CPU
		Release|Any CPU = Release|Any CPU
	EndGlobalSection
	GlobalSection(ProjectConfigurationPlatforms) = postSolution
		{DDE34246-1602-4FA7-8D71-681FD7E77A45}.Debug|Any CPU.ActiveCfg = Debug|Any CPU
		{DDE34246-1602-4FA7-8D71-681FD7E77A45}.Debug|Any CPU.Build.0 = Debug|Any CPU
		{DDE34246-1602-4FA7-8D71-681FD7E77A45}.Release|Any CPU.ActiveCfg = Release|Any CPU
		{DDE34246-1602-4FA7-8D71-681FD7E77A45}.Release|Any CPU.Build.0 = Release|Any CPU
		{E7650312-20F9-4BBB-B432-1DBDC66C3EF9}.Debug|Any CPU.ActiveCfg = Debug|Any CPU
		{E7650312-20F9-4BBB-B432-1DBDC66C3EF9}.Debug|Any CPU.Build.0 = Debug|Any CPU
		{E7650312-20F9-4BBB-B432-1DBDC66C3EF9}.Release|Any CPU.ActiveCfg = Release|Any CPU
		{E7650312-20F9-4BBB-B432-1DBDC66C3EF9}.Release|Any CPU.Build.0 = Release|Any CPU
		{25B6E2C7-2D51-735F-3551-2942DE7C7A37}.Debug|Any CPU.ActiveCfg = Debug|Any CPU
		{25B6E2C7-2D51-735F-3551-2942DE7C7A37}.Debug|Any CPU.Build.0 = Debug|Any CPU
		{25B6E2C7-2D51-735F-3551-2942DE7C7A37}.Release|Any CPU.ActiveCfg = Release|Any CPU
		{25B6E2C7-2D51-735F-3551-2942DE7C7A37}.Release|Any CPU.Build.0 = Release|Any CPU
	EndGlobalSection
	GlobalSection(SolutionProperties) = preSolution
		HideSolutionNode = FALSE
	EndGlobalSection
	GlobalSection(ExtensibilityGlobals) = postSolution
		SolutionGuid = {74F38670-7327-41E1-B770-82897A9D30CA}
	EndGlobalSection
EndGlobal
